
Microsoft Visual Studio Solution File, Format Version 12.00
# Visual Studio Version 17
VisualStudioVersion = 17.2.32616.157
MinimumVisualStudioVersion = 10.0.40219.1
Project("{FAE04EC0-301F-11D3-BF4B-00C04F79EFBC}") = "Lab_3_1_28", "Lab_3_1_28.csproj", "{BCFB6E52-EFA9-44A2-8013-516AFE2ED7BE}"
EndProject
Global
	GlobalSection(SolutionConfigurationPlatforms) = preSolution
		Debug|Any CPU = Debug|Any CPU
		Release|Any CPU = Release|Any CPU
	EndGlobalSection
	GlobalSection(ProjectConfigurationPlatforms) = postSolution
		{BCFB6E52-EFA9-44A2-8013-516AFE2ED7BE}.Debug|Any CPU.ActiveCfg = Debug|Any CPU
		{BCFB6E52-EFA9-44A2-8013-516AFE2ED7BE}.Debug|Any CPU.Build.0 = Debug|Any CPU
		{BCFB6E52-EFA9-44A2-8013-516AFE2ED7BE}.Release|Any CPU.ActiveCfg = Release|Any CPU
		{BCFB6E52-EFA9-44A2-8013-516AFE2ED7BE}.Release|Any CPU.Build.0 = Release|Any CPU
	EndGlobalSection
	GlobalSection(SolutionProperties) = preSolution
		HideSolutionNode = FALSE
	EndGlobalSection
	GlobalSection(ExtensibilityGlobals) = postSolution
		SolutionGuid = {88EFA2E4-4E39-409E-8F2B-1A5E4B05B577}
	EndGlobalSection
EndGlobal
